
Microsoft Visual Studio Solution File, Format Version 12.00
# Visual Studio Version 16
VisualStudioVersion = 16.0.31829.152
MinimumVisualStudioVersion = 10.0.40219.1
Project("{FAE04EC0-301F-11D3-BF4B-00C04F79EFBC}") = "ProjectConsole", "ProjectConsole\ProjectConsole.csproj", "{AC4ED589-65E1-4403-AC10-84BE0C580CCA}"
EndProject
Global
	GlobalSection(SolutionConfigurationPlatforms) = preSolution
		Debug|Any CPU = Debug|Any CPU
		Release|Any CPU = Release|Any CPU
	EndGlobalSection
	GlobalSection(ProjectConfigurationPlatforms) = postSolution
		{AC4ED589-65E1-4403-AC10-84BE0C580CCA}.Debug|Any CPU.ActiveCfg = Debug|Any CPU
		{AC4ED589-65E1-4403-AC10-84BE0C580CCA}.Debug|Any CPU.Build.0 = Debug|Any CPU
		{AC4ED589-65E1-4403-AC10-84BE0C580CCA}.Release|Any CPU.ActiveCfg = Release|Any CPU
		{AC4ED589-65E1-4403-AC10-84BE0C580CCA}.Release|Any CPU.Build.0 = Release|Any CPU
	EndGlobalSection
	GlobalSection(SolutionProperties) = preSolution
		HideSolutionNode = FALSE
	EndGlobalSection
	GlobalSection(ExtensibilityGlobals) = postSolution
		SolutionGuid = {C8C4CA58-796D-40E4-B16B-8BF426B546B6}
	EndGlobalSection
EndGlobal
