
Microsoft Visual Studio Solution File, Format Version 12.00
# Visual Studio Version 16
VisualStudioVersion = 16.0.31829.152
MinimumVisualStudioVersion = 10.0.40219.1
Project("{FAE04EC0-301F-11D3-BF4B-00C04F79EFBC}") = "ControlStructures", "ControlStructures\ControlStructures.csproj", "{BED31F69-78E6-41A1-A592-58AD4792CD91}"
EndProject
Global
	GlobalSection(SolutionConfigurationPlatforms) = preSolution
		Debug|Any CPU = Debug|Any CPU
		Release|Any CPU = Release|Any CPU
	EndGlobalSection
	GlobalSection(ProjectConfigurationPlatforms) = postSolution
		{BED31F69-78E6-41A1-A592-58AD4792CD91}.Debug|Any CPU.ActiveCfg = Debug|Any CPU
		{BED31F69-78E6-41A1-A592-58AD4792CD91}.Debug|Any CPU.Build.0 = Debug|Any CPU
		{BED31F69-78E6-41A1-A592-58AD4792CD91}.Release|Any CPU.ActiveCfg = Release|Any CPU
		{BED31F69-78E6-41A1-A592-58AD4792CD91}.Release|Any CPU.Build.0 = Release|Any CPU
	EndGlobalSection
	GlobalSection(SolutionProperties) = preSolution
		HideSolutionNode = FALSE
	EndGlobalSection
	GlobalSection(ExtensibilityGlobals) = postSolution
		SolutionGuid = {9864B6EF-E8E2-4AD0-A981-081E32CC11BD}
	EndGlobalSection
EndGlobal
